
Microsoft Visual Studio Solution File, Format Version 12.00
# Visual Studio Version 16
VisualStudioVersion = 16.0.31205.134
MinimumVisualStudioVersion = 10.0.40219.1
Project("{FAE04EC0-301F-11D3-BF4B-00C04F79EFBC}") = "Startegy Pattern", "Startegy Pattern\Startegy Pattern.csproj", "{EF49DCA0-A588-4788-9FAF-BCC8DF6BBE21}"
EndProject
Global
	GlobalSection(SolutionConfigurationPlatforms) = preSolution
		Debug|Any CPU = Debug|Any CPU
		Release|Any CPU = Release|Any CPU
	EndGlobalSection
	GlobalSection(ProjectConfigurationPlatforms) = postSolution
		{EF49DCA0-A588-4788-9FAF-BCC8DF6BBE21}.Debug|Any CPU.ActiveCfg = Debug|Any CPU
		{EF49DCA0-A588-4788-9FAF-BCC8DF6BBE21}.Debug|Any CPU.Build.0 = Debug|Any CPU
		{EF49DCA0-A588-4788-9FAF-BCC8DF6BBE21}.Release|Any CPU.ActiveCfg = Release|Any CPU
		{EF49DCA0-A588-4788-9FAF-BCC8DF6BBE21}.Release|Any CPU.Build.0 = Release|Any CPU
	EndGlobalSection
	GlobalSection(SolutionProperties) = preSolution
		HideSolutionNode = FALSE
	EndGlobalSection
	GlobalSection(ExtensibilityGlobals) = postSolution
		SolutionGuid = {0C436BD9-59B9-494B-9B09-CAD68C4727D2}
	EndGlobalSection
EndGlobal
